{
  "lockfile_version": "1",
  "packages": {
    "github:NixOS/nixpkgs/nixpkgs-unstable": {
      "last_modified": "2026-01-01T13:17:10Z",
      "resolved": "github:NixOS/nixpkgs/76eec3925eb9bbe193934987d3285473dbcfad50?lastModified=1767273430&narHash=sha256-kDpoFwQ8GLrPiS3KL%2BsAwreXrph2KhdXuJzo5%2BvSLoo%3D"
    },
    "gobject-introspection@1.82.0": {
      "last_modified": "2025-05-06T16:34:47Z",
      "resolved": "github:NixOS/nixpkgs/f90d0af5db814e870b2ad1aebc4e8924a30c53dd#gobject-introspection",
      "source": "devbox-search",
      "version": "1.82.0",
      "systems": {
        "aarch64-darwin": {
          "outputs": [
            {
              "name": "out",
              "path": "/nix/store/0a6j36sijxl2v556iccs3q9n016lh0i4-gobject-introspection-wrapped-1.82.0",
              "default": true
            },
            {
              "name": "man",
              "path": "/nix/store/79jib79k0qjlm7l6nhpidrq985c1q26m-gobject-introspection-wrapped-1.82.0-man",
              "default": true
            },
            {
              "name": "dev",
              "path": "/nix/store/j6iy0q8af1rm8irznwbkr59vprg8aw7s-gobject-introspection-wrapped-1.82.0-dev"
            },
            {
              "name": "devdoc",
              "path": "/nix/store/iv844cdzwpvy83hf047bhy9y0sq2hnvj-gobject-introspection-wrapped-1.82.0-devdoc"
            }
          ],
          "store_path": "/nix/store/0a6j36sijxl2v556iccs3q9n016lh0i4-gobject-introspection-wrapped-1.82.0"
        },
        "aarch64-linux": {
          "outputs": [
            {
              "name": "out",
              "path": "/nix/store/b2pv6c53l8fnya7g0zam5i698r05xmjv-gobject-introspection-wrapped-1.82.0",
              "default": true
            },
            {
              "name": "man",
              "path": "/nix/store/jc5zr056mzpiffgzdy0v2l44gbbslpp1-gobject-introspection-wrapped-1.82.0-man",
              "default": true
            },
            {
              "name": "dev",
              "path": "/nix/store/qd1a7awdvvnmyp62xp0jbfpp04hjcc8w-gobject-introspection-wrapped-1.82.0-dev"
            },
            {
              "name": "devdoc",
              "path": "/nix/store/fakkcdsbkpnw65dvgm4fpy78qykvzyq3-gobject-introspection-wrapped-1.82.0-devdoc"
            }
          ],
          "store_path": "/nix/store/b2pv6c53l8fnya7g0zam5i698r05xmjv-gobject-introspection-wrapped-1.82.0"
        },
        "x86_64-darwin": {
          "outputs": [
            {
              "name": "out",
              "path": "/nix/store/2wp6044g942sy056bkdh1l4x7b67iass-gobject-introspection-wrapped-1.82.0",
              "default": true
            },
            {
              "name": "man",
              "path": "/nix/store/qhlr6z1zfplz1bc84nf4ysk7ig3mx2dw-gobject-introspection-wrapped-1.82.0-man",
              "default": true
            },
            {
              "name": "dev",
              "path": "/nix/store/vwqxz0cmihl5a8fgsbddk1inh7cyisji-gobject-introspection-wrapped-1.82.0-dev"
            },
            {
              "name": "devdoc",
              "path": "/nix/store/7fr0zhywwbkl9xnxc2vc996941mh5m6h-gobject-introspection-wrapped-1.82.0-devdoc"
            }
          ],
          "store_path": "/nix/store/2wp6044g942sy056bkdh1l4x7b67iass-gobject-introspection-wrapped-1.82.0"
        },
        "x86_64-linux": {
          "outputs": [
            {
              "name": "out",
              "path": "/nix/store/zlvdm56mss012a8vz8q9c9z2d0qcslrw-gobject-introspection-wrapped-1.82.0",
              "default": true
            },
            {
              "name": "man",
              "path": "/nix/store/hjxwnjyfnbvyinmayrliaii85s0i52rj-gobject-introspection-wrapped-1.82.0-man",
              "default": true
            },
            {
              "name": "dev",
              "path": "/nix/store/8i93bsnzdr22r8wijlhzadimvb27gjxp-gobject-introspection-wrapped-1.82.0-dev"
            },
            {
              "name": "devdoc",
              "path": "/nix/store/h3qh8kjyk0ryafn2s0bhmvg8ij3cqfzp-gobject-introspection-wrapped-1.82.0-devdoc"
            }
          ],
          "store_path": "/nix/store/zlvdm56mss012a8vz8q9c9z2d0qcslrw-gobject-introspection-wrapped-1.82.0"
        }
      }
    },
    "gtk3@3.24.49": {
      "last_modified": "2025-11-07T02:32:13Z",
      "resolved": "github:NixOS/nixpkgs/e1ebeec86b771e9d387dd02d82ffdc77ac753abc#gtk3",
      "source": "devbox-search",
      "version": "3.24.49",
      "systems": {
        "aarch64-darwin": {
          "outputs": [
            {
              "name": "out",
              "path": "/nix/store/3z3bb2wyldsa90k1s8h151wnmcg84yny-gtk+3-3.24.49",
              "default": true
            },
            {
              "name": "dev",
              "path": "/nix/store/q8x66lcj1xrkmpi43s1sixssqm37kyf8-gtk+3-3.24.49-dev"
            },
            {
              "name": "devdoc",
              "path": "/nix/store/fq0qc8k0wcsz4da73h89cxzshzvv34lh-gtk+3-3.24.49-devdoc"
            }
          ],
          "store_path": "/nix/store/3z3bb2wyldsa90k1s8h151wnmcg84yny-gtk+3-3.24.49"
        },
        "aarch64-linux": {
          "outputs": [
            {
              "name": "out",
              "path": "/nix/store/l05f6gna58gk4lwlimm5xwv5982yma5k-gtk+3-3.24.49",
              "default": true
            },
            {
              "name": "debug",
              "path": "/nix/store/zj9vskdjm628js0xh4pzcsg5vlam90bb-gtk+3-3.24.49-debug"
            },
            {
              "name": "dev",
              "path": "/nix/store/yfsll55msv610cl8xh58h3cbg8v8gpcn-gtk+3-3.24.49-dev"
            },
            {
              "name": "devdoc",
              "path": "/nix/store/ahi1sicskljjd5850q2z9rmv6j7373g4-gtk+3-3.24.49-devdoc"
            }
          ],
          "store_path": "/nix/store/l05f6gna58gk4lwlimm5xwv5982yma5k-gtk+3-3.24.49"
        },
        "x86_64-darwin": {
          "outputs": [
            {
              "name": "out",
              "path": "/nix/store/xk8c83rkj1mnk06pnzlsyaq77bqg4yp1-gtk+3-3.24.49",
              "default": true
            },
            {
              "name": "devdoc",
              "path": "/nix/store/883v1q7rjwsqgc50ca5idgmcfy47ah5x-gtk+3-3.24.49-devdoc"
            },
            {
              "name": "dev",
              "path": "/nix/store/llz0995bhkyr9zy4lymk3270cklxq467-gtk+3-3.24.49-dev"
            }
          ],
          "store_path": "/nix/store/xk8c83rkj1mnk06pnzlsyaq77bqg4yp1-gtk+3-3.24.49"
        },
        "x86_64-linux": {
          "outputs": [
            {
              "name": "out",
              "path": "/nix/store/7a7q00p33dfr35x3j9hqkklmlvnhv5rn-gtk+3-3.24.49",
              "default": true
            },
            {
              "name": "debug",
              "path": "/nix/store/j2gl4nm1h3yfx368dwk3j2bq6dc1z00d-gtk+3-3.24.49-debug"
            },
            {
              "name": "dev",
              "path": "/nix/store/yymvayky8kkrhd3hback947v1x2fgafx-gtk+3-3.24.49-dev"
            },
            {
              "name": "devdoc",
              "path": "/nix/store/gw9hzhf3kbws4pbyr0yamv3yg2vxnp8m-gtk+3-3.24.49-devdoc"
            }
          ],
          "store_path": "/nix/store/7a7q00p33dfr35x3j9hqkklmlvnhv5rn-gtk+3-3.24.49"
        }
      }
    },
    "gusb@0.4.9": {
      "last_modified": "2025-12-29T16:45:58Z",
      "resolved": "github:NixOS/nixpkgs/346dd96ad74dc4457a9db9de4f4f57dab2e5731d#gusb",
      "source": "devbox-search",
      "version": "0.4.9",
      "systems": {
        "aarch64-darwin": {
          "outputs": [
            {
              "name": "bin",
              "path": "/nix/store/aribid8453q0csf95q4hsm5p9sq62lf8-gusb-0.4.9-bin",
              "default": true
            },
            {
              "name": "dev",
              "path": "/nix/store/k748k9j51syf6m4xhrbfx9z8m71rg1d7-gusb-0.4.9-dev"
            },
            {
              "name": "devdoc",
              "path": "/nix/store/annlxd74zvf6jqdn4mgdmpbs5zp0hxnr-gusb-0.4.9-devdoc"
            },
            {
              "name": "out",
              "path": "/nix/store/5q1s31pvc6lzc8f0nni131mf1dl3ac23-gusb-0.4.9"
            }
          ],
          "store_path": "/nix/store/aribid8453q0csf95q4hsm5p9sq62lf8-gusb-0.4.9-bin"
        },
        "aarch64-linux": {
          "outputs": [
            {
              "name": "bin",
              "path": "/nix/store/77lz0c9s2aksh9f20kkwlljbi5h5wv4j-gusb-0.4.9-bin",
              "default": true
            },
            {
              "name": "dev",
              "path": "/nix/store/hxgjk37aynbv430mblbdqj8dz27l5623-gusb-0.4.9-dev"
            },
            {
              "name": "devdoc",
              "path": "/nix/store/yi837h7vpw4wahh1cjdab9l34j197qxn-gusb-0.4.9-devdoc"
            },
            {
              "name": "out",
              "path": "/nix/store/r4mcgxg8g3dbhg5d7x4gvk3h37s9cnxv-gusb-0.4.9"
            }
          ],
          "store_path": "/nix/store/77lz0c9s2aksh9f20kkwlljbi5h5wv4j-gusb-0.4.9-bin"
        },
        "x86_64-darwin": {
          "outputs": [
            {
              "name": "bin",
              "path": "/nix/store/42ax0h5ggfcwx8dxxr7b3a76ka6h11sc-gusb-0.4.9-bin",
              "default": true
            },
            {
              "name": "dev",
              "path": "/nix/store/0884pmm83avl86pf94iikzh7mxwmakdy-gusb-0.4.9-dev"
            },
            {
              "name": "devdoc",
              "path": "/nix/store/ds353wr8npzkpn0ipx7mqnzmbw3a5kwr-gusb-0.4.9-devdoc"
            },
            {
              "name": "out",
              "path": "/nix/store/cgsvaql155bib097alirmxznndmmh27r-gusb-0.4.9"
            }
          ],
          "store_path": "/nix/store/42ax0h5ggfcwx8dxxr7b3a76ka6h11sc-gusb-0.4.9-bin"
        },
        "x86_64-linux": {
          "outputs": [
            {
              "name": "bin",
              "path": "/nix/store/xb6x1w1yx1jzjkf73b4zbk4gc4ikb1rs-gusb-0.4.9-bin",
              "default": true
            },
            {
              "name": "dev",
              "path": "/nix/store/zky13jiw0iv3xnrl3hkwffkfvb2hv2rx-gusb-0.4.9-dev"
            },
            {
              "name": "devdoc",
              "path": "/nix/store/w1nrrqa2jhs1avlrq6634z8iswbnj3r0-gusb-0.4.9-devdoc"
            },
            {
              "name": "out",
              "path": "/nix/store/zr2dvpcdm2fz5z3sksfz60iml9qclbla-gusb-0.4.9"
            }
          ],
          "store_path": "/nix/store/xb6x1w1yx1jzjkf73b4zbk4gc4ikb1rs-gusb-0.4.9-bin"
        }
      }
    },
    "json-glib@1.10.6": {
      "last_modified": "2025-10-05T02:43:53Z",
      "resolved": "github:NixOS/nixpkgs/d7f52a7a640bc54c7bb414cca603835bf8dd4b10#json-glib",
      "source": "devbox-search",
      "version": "1.10.6",
      "systems": {
        "aarch64-darwin": {
          "outputs": [
            {
              "name": "out",
              "path": "/nix/store/qs6hxvf29s030gqdn9w4mr2jhqhyskic-json-glib-1.10.6",
              "default": true
            },
            {
              "name": "dev",
              "path": "/nix/store/wz0xsh361nly77s3kpkkgkxvam8xj15r-json-glib-1.10.6-dev"
            },
            {
              "name": "devdoc",
              "path": "/nix/store/bg7yzyaps01a47sjg19jbm2sv6y5s1al-json-glib-1.10.6-devdoc"
            },
            {
              "name": "installedTests",
              "path": "/nix/store/hylg13dw9ra0g7lh1x5va701r18nx21z-json-glib-1.10.6-installedTests"
            }
          ],
          "store_path": "/nix/store/qs6hxvf29s030gqdn9w4mr2jhqhyskic-json-glib-1.10.6"
        },
        "aarch64-linux": {
          "outputs": [
            {
              "name": "out",
              "path": "/nix/store/iwjgpijm31jnznfn4n43ibjgjcrv2628-json-glib-1.10.6",
              "default": true
            },
            {
              "name": "dev",
              "path": "/nix/store/h2x9x7282vy6jbp73ahriaqzp8fq3jr4-json-glib-1.10.6-dev"
            },
            {
              "name": "devdoc",
              "path": "/nix/store/gkx24wl9mk6lghsrw23x1d3xjmjk0xmy-json-glib-1.10.6-devdoc"
            },
            {
              "name": "installedTests",
              "path": "/nix/store/xz1rdcgyl3w70jq9cdmfsliqnvhfvkrq-json-glib-1.10.6-installedTests"
            }
          ],
          "store_path": "/nix/store/iwjgpijm31jnznfn4n43ibjgjcrv2628-json-glib-1.10.6"
        },
        "x86_64-darwin": {
          "outputs": [
            {
              "name": "out",
              "path": "/nix/store/lblq91482gdcm5fcwz8pr2axzxg8wq1r-json-glib-1.10.6",
              "default": true
            },
            {
              "name": "dev",
              "path": "/nix/store/2x4rqpz0rbzlhjyc8nblc8bi4il8wsyi-json-glib-1.10.6-dev"
            },
            {
              "name": "devdoc",
              "path": "/nix/store/z4xf1mzvr34q3f8rlw4i5h23ynj6zz6n-json-glib-1.10.6-devdoc"
            },
            {
              "name": "installedTests",
              "path": "/nix/store/ibvgdxwisjh17jcy69ac87svy2acxwv3-json-glib-1.10.6-installedTests"
            }
          ],
          "store_path": "/nix/store/lblq91482gdcm5fcwz8pr2axzxg8wq1r-json-glib-1.10.6"
        },
        "x86_64-linux": {
          "outputs": [
            {
              "name": "out",
              "path": "/nix/store/7jlq3dh1n2a5fjakic3rzh353qy8hry1-json-glib-1.10.6",
              "default": true
            },
            {
              "name": "devdoc",
              "path": "/nix/store/j7irqlmg23jc4cdj7iq8v10bj4nd76l1-json-glib-1.10.6-devdoc"
            },
            {
              "name": "installedTests",
              "path": "/nix/store/rmghsbcmdla8yn5h74lxc3ijykvcs3a9-json-glib-1.10.6-installedTests"
            },
            {
              "name": "dev",
              "path": "/nix/store/cjq0inbbrnfj8k0wf7cqrnm1w1w2r9dd-json-glib-1.10.6-dev"
            }
          ],
          "store_path": "/nix/store/7jlq3dh1n2a5fjakic3rzh353qy8hry1-json-glib-1.10.6"
        }
      }
    },
    "libfprint@1.94.9": {
      "last_modified": "2025-11-23T21:50:36Z",
      "resolved": "github:NixOS/nixpkgs/ee09932cedcef15aaf476f9343d1dea2cb77e261#libfprint",
      "source": "devbox-search",
      "version": "1.94.9",
      "systems": {
        "aarch64-linux": {
          "outputs": [
            {
              "name": "out",
              "path": "/nix/store/0h8yf86gamx3g2ya9f5q469dmhgzxhgx-libfprint-1.94.9",
              "default": true
            },
            {
              "name": "devdoc",
              "path": "/nix/store/w8l57iw3mg9c921hivqm3bnjis4fmxsh-libfprint-1.94.9-devdoc"
            }
          ],
          "store_path": "/nix/store/0h8yf86gamx3g2ya9f5q469dmhgzxhgx-libfprint-1.94.9"
        },
        "x86_64-linux": {
          "outputs": [
            {
              "name": "out",
              "path": "/nix/store/cwvdn0b8cqyxin79736aksxjm7dp4jn1-libfprint-1.94.9",
              "default": true
            },
            {
              "name": "devdoc",
              "path": "/nix/store/1hldp7w3zhinsxm5bblhhaw3b2x5z582-libfprint-1.94.9-devdoc"
            }
          ],
          "store_path": "/nix/store/cwvdn0b8cqyxin79736aksxjm7dp4jn1-libfprint-1.94.9"
        }
      }
    },
    "python3Packages.pygobject3": {
      "resolved": "github:NixOS/nixpkgs/b3582c75c7f21ce0b429898980eddbbf05c68e55?narHash=sha256-FshoQvr6Aor5SnORVvh%2FZdJ1Sa2U4ZrIMwKBX5k2wu0%3D#python3Packages.pygobject3",
      "source": "nixpkg",
      "systems": {
        "x86_64-linux": {
          "outputs": [
            {
              "path": "/tmp/containerbase/cache/nix/store/5fp3c26w9l68im5l2g7qxabkpafvlrnx-python3.12-pygobject-3.50.0",
              "default": true
            }
          ]
        }
      }
    },
    "python@3.12.8": {
      "last_modified": "2025-01-06T03:40:18Z",
      "plugin_version": "0.0.4",
      "resolved": "github:NixOS/nixpkgs/3df3c47c19dc90fec35359e89ffb52b34d2b0e94#python3",
      "source": "devbox-search",
      "version": "3.12.8",
      "systems": {
        "aarch64-darwin": {
          "outputs": [
            {
              "name": "out",
              "path": "/nix/store/8zc3wcplydp8gsxms24scpzdca438dk5-python3-3.12.8",
              "default": true
            }
          ],
          "store_path": "/nix/store/8zc3wcplydp8gsxms24scpzdca438dk5-python3-3.12.8"
        },
        "aarch64-linux": {
          "outputs": [
            {
              "name": "out",
              "path": "/nix/store/66pn6ysmvx675061xaq2vz93s9vdc5p4-python3-3.12.8",
              "default": true
            },
            {
              "name": "debug",
              "path": "/nix/store/brcg3a34fi45ffky63g5pqd22sksvq13-python3-3.12.8-debug"
            }
          ],
          "store_path": "/nix/store/66pn6ysmvx675061xaq2vz93s9vdc5p4-python3-3.12.8"
        },
        "x86_64-darwin": {
          "outputs": [
            {
              "name": "out",
              "path": "/nix/store/fpmkmdzgd1q7kqadc7czcjdhjj7bsc0i-python3-3.12.8",
              "default": true
            }
          ],
          "store_path": "/nix/store/fpmkmdzgd1q7kqadc7czcjdhjj7bsc0i-python3-3.12.8"
        },
        "x86_64-linux": {
          "outputs": [
            {
              "name": "out",
              "path": "/nix/store/c9m6yd8fg1flz2j5r4bif1ib5j20a0cy-python3-3.12.8",
              "default": true
            },
            {
              "name": "debug",
              "path": "/nix/store/cicfrcjr8pky8qd0gxw0x84ynyviy6b5-python3-3.12.8-debug"
            }
          ],
          "store_path": "/nix/store/c9m6yd8fg1flz2j5r4bif1ib5j20a0cy-python3-3.12.8"
        }
      }
    },
    "vim-startuptime@latest": {
      "last_modified": "2025-12-18T02:44:17Z",
      "resolved": "github:NixOS/nixpkgs/def3da69945bbe338c373fddad5a1bb49cf199ce#vim-startuptime",
      "source": "devbox-search",
      "version": "1.3.2",
      "systems": {
        "aarch64-darwin": {
          "outputs": [
            {
              "name": "out",
              "path": "/nix/store/x85574zmvxm3idjma4cdn2gfjivm3b2l-vim-startuptime-1.3.2",
              "default": true
            }
          ],
          "store_path": "/nix/store/x85574zmvxm3idjma4cdn2gfjivm3b2l-vim-startuptime-1.3.2"
        },
        "aarch64-linux": {
          "outputs": [
            {
              "name": "out",
              "path": "/nix/store/j4v0p9r8ac4xcjfyazv9ydwlzcyzv7jn-vim-startuptime-1.3.2",
              "default": true
            }
          ],
          "store_path": "/nix/store/j4v0p9r8ac4xcjfyazv9ydwlzcyzv7jn-vim-startuptime-1.3.2"
        },
        "x86_64-darwin": {
          "outputs": [
            {
              "name": "out",
              "path": "/nix/store/1dkyp8ip0rcdncyhy2prbsd81668jyjy-vim-startuptime-1.3.2",
              "default": true
            }
          ],
          "store_path": "/nix/store/1dkyp8ip0rcdncyhy2prbsd81668jyjy-vim-startuptime-1.3.2"
        },
        "x86_64-linux": {
          "outputs": [
            {
              "name": "out",
              "path": "/nix/store/pndrjrb4zxhfmxmz5il9ngprb02cmbpa-vim-startuptime-1.3.2",
              "default": true
            }
          ],
          "store_path": "/nix/store/pndrjrb4zxhfmxmz5il9ngprb02cmbpa-vim-startuptime-1.3.2"
        }
      }
    }
  }
}
