{
  "nodes": {
    "arto": {
      "inputs": {
        "crane": "crane",
        "nixpkgs": "nixpkgs"
      },
      "locked": {
        "lastModified": 1788672244,
        "narHash": "sha256-Iva+hnNCSzJemFRK3pXNUGEFG/tpr5g7ZGzp38YxdOA=",
        "owner": "arto-app",
        "repo": "Arto",
        "rev": "f3a32ae55843552511f4d571a1e9471b26f84b3a",
        "type": "github"
      },
      "original": {
        "owner": "arto-app",
        "repo": "Arto",
        "type": "github"
      }
    },
    "brew-api": {
      "flake": false,
      "locked": {
        "lastModified": 1788672865,
        "narHash": "sha256-/yrs/+baXMaZqEosX0287xY2TaJ1xt1aeRbqYQp9j78=",
        "owner": "BatteredBunny",
        "repo": "brew-api",
        "rev": "a17cd23e37505fde633d510c9fa7da3d946a4fe4",
        "type": "github"
      },
      "original": {
        "owner": "BatteredBunny",
        "repo": "brew-api",
        "type": "github"
      }
    },
    "brew-nix": {
      "inputs": {
        "brew-api": [
          "brew-api"
        ],
        "nix-darwin": [
          "nix-darwin"
        ],
        "nixpkgs": [
          "nixpkgs"
        ]
      },
      "locked": {
        "lastModified": 1788248927,
        "narHash": "sha256-SwecqtpdObqSTsEW0Es5ZDUrZ1Rxu1DxCzfxxTzH5BQ=",
        "owner": "BatteredBunny",
        "repo": "brew-nix",
        "rev": "16131ae4126c54b1502aa7eaf6573d7fbf16b656",
        "type": "github"
      },
      "original": {
        "owner": "BatteredBunny",
        "repo": "brew-nix",
        "type": "github"
      }
    },
    "bun2nix": {
      "inputs": {
        "flake-parts": [
          "llm-agents",
          "flake-parts"
        ],
        "nixpkgs": [
          "llm-agents",
          "nixpkgs"
        ],
        "systems": [
          "llm-agents",
          "systems"
        ],
        "treefmt-nix": [
          "llm-agents",
          "treefmt-nix"
        ]
      },
      "locked": {
        "lastModified": 1788011267,
        "narHash": "sha256-mEq2kU+ljompTToZ44Afvm7d/rHJ5iMBl0tjZuyShJs=",
        "owner": "Mic92",
        "repo": "bun2nix",
        "rev": "5765b0614591f75ee8ba5596e81ae85c167d1071",
        "type": "github"
      },
      "original": {
        "owner": "Mic92",
        "ref": "fix-structured-attrs-hook",
        "repo": "bun2nix",
        "type": "github"
      }
    },
    "cl-nix-lite": {
      "inputs": {
        "flake-parts": [
          "flake-parts"
        ],
        "nixpkgs": [
          "nixpkgs"
        ],
        "systems": [
          "systems"
        ],
        "treefmt-nix": [
          "treefmt-nix"
        ]
      },
      "locked": {
        "lastModified": 1782994178,
        "narHash": "sha256-VGc3/2fe6hnOmNSLlOygEAbeS69v7A7rjKDKRzAgE2Q=",
        "owner": "hraban",
        "repo": "cl-nix-lite",
        "rev": "eb584721e5e799bafe0c6210a8a1a398f90e8ac0",
        "type": "github"
      },
      "original": {
        "owner": "hraban",
        "repo": "cl-nix-lite",
        "type": "github"
      }
    },
    "crane": {
      "locked": {
        "lastModified": 1788465171,
        "narHash": "sha256-Y1/TTVXjYXGF068IThQH9fPSZ0SIE74PABlUxnWTUH0=",
        "owner": "ipetkov",
        "repo": "crane",
        "rev": "eb35abda9f232cc6610b1d1e3200d15c49b7ac54",
        "type": "github"
      },
      "original": {
        "owner": "ipetkov",
        "repo": "crane",
        "type": "github"
      }
    },
    "crane_2": {
      "locked": {
        "lastModified": 1785782307,
        "narHash": "sha256-MPaRdVkf6zZP5fCPxYCi8Dr4pZzgmXzg8T9nVEbp3Mw=",
        "owner": "ipetkov",
        "repo": "crane",
        "rev": "2c71e194474d13de031d729b729c968ddbe3507f",
        "type": "github"
      },
      "original": {
        "owner": "ipetkov",
        "repo": "crane",
        "type": "github"
      }
    },
    "firefox-addons": {
      "inputs": {
        "nixpkgs": [
          "nixpkgs"
        ]
      },
      "locked": {
        "dir": "pkgs/firefox-addons",
        "lastModified": 1788678358,
        "narHash": "sha256-xFu9deElkBd81tRYo2yRSZQ40LDXMnVd/gO1/uELxhI=",
        "owner": "rycee",
        "repo": "nur-expressions",
        "rev": "2554c0e25259c6ab3e71dac5177f8d38f76a6e1c",
        "type": "gitlab"
      },
      "original": {
        "dir": "pkgs/firefox-addons",
        "owner": "rycee",
        "repo": "nur-expressions",
        "type": "gitlab"
      }
    },
    "flake-compat": {
      "flake": false,
      "locked": {
        "lastModified": 1766808011,
        "narHash": "sha256-s83BS0abtIj7vzUf8JE0209KphfHA6qRw/92D9k/F+0=",
        "owner": "hraban",
        "repo": "flake-compat",
        "rev": "6e0aafdc4c4c2043c66f756d5045374b42184fc5",
        "type": "github"
      },
      "original": {
        "owner": "hraban",
        "ref": "fixed-output",
        "repo": "flake-compat",
        "type": "github"
      }
    },
    "flake-parts": {
      "inputs": {
        "nixpkgs-lib": "nixpkgs-lib"
      },
      "locked": {
        "lastModified": 1788450739,
        "narHash": "sha256-glZLQlzIn1fXH6PazR2iUmTo7kzzyYSshrWhLS9TqCU=",
        "owner": "hercules-ci",
        "repo": "flake-parts",
        "rev": "31729ca8cbdb4fa927b34e5f4353e6a83f39e993",
        "type": "github"
      },
      "original": {
        "owner": "hercules-ci",
        "repo": "flake-parts",
        "type": "github"
      }
    },
    "flake-utils": {
      "inputs": {
        "systems": [
          "systems"
        ]
      },
      "locked": {
        "lastModified": 1731533236,
        "narHash": "sha256-l0KFg5HjrsfsO/JpG+r7fRrqm12kzFHyUHqHCVpMMbI=",
        "owner": "numtide",
        "repo": "flake-utils",
        "rev": "11707dc2f618dd54ca8739b309ec4fc024de578b",
        "type": "github"
      },
      "original": {
        "owner": "numtide",
        "repo": "flake-utils",
        "type": "github"
      }
    },
    "home-manager": {
      "inputs": {
        "nixpkgs": [
          "nixpkgs"
        ]
      },
      "locked": {
        "lastModified": 1788651960,
        "narHash": "sha256-v9wJd32eZ2bvhBzVOd7TIjLQd011P7nwOhjKtWlci5I=",
        "owner": "nix-community",
        "repo": "home-manager",
        "rev": "2c0350c759688177331b8f5242311fae8877bdb3",
        "type": "github"
      },
      "original": {
        "owner": "nix-community",
        "repo": "home-manager",
        "type": "github"
      }
    },
    "ichigyo-ls": {
      "inputs": {
        "flake-utils": [
          "flake-utils"
        ],
        "nixpkgs": [
          "nixpkgs"
        ],
        "rust-overlay": "rust-overlay",
        "treefmt-nix": [
          "treefmt-nix"
        ]
      },
      "locked": {
        "lastModified": 1771261819,
        "narHash": "sha256-/r16a6hcshGdQaco3kOXKENXK2gknFTj/XKFzDlslgU=",
        "owner": "Xantibody",
        "repo": "ichigyo-ls",
        "rev": "e50167f6960ab6495ac789333703a1e270ef46a6",
        "type": "github"
      },
      "original": {
        "owner": "Xantibody",
        "repo": "ichigyo-ls",
        "type": "github"
      }
    },
    "kotdiff": {
      "inputs": {
        "flake-utils": [
          "flake-utils"
        ],
        "nixpkgs": [
          "nixpkgs"
        ]
      },
      "locked": {
        "lastModified": 1784688809,
        "narHash": "sha256-fUELzrTOPZNLeqjJqU8dKei7xxgr3ReK4htDeiggZPY=",
        "owner": "Xantibody",
        "repo": "kotdiff",
        "rev": "393c840b1b687c785b55538333ccee1255b74ce4",
        "type": "github"
      },
      "original": {
        "owner": "Xantibody",
        "repo": "kotdiff",
        "type": "github"
      }
    },
    "llm-agents": {
      "inputs": {
        "bun2nix": "bun2nix",
        "flake-parts": [
          "flake-parts"
        ],
        "nixpkgs": [
          "nixpkgs"
        ],
        "systems": [
          "systems"
        ],
        "treefmt-nix": [
          "treefmt-nix"
        ]
      },
      "locked": {
        "lastModified": 1788684345,
        "narHash": "sha256-+3tYyzbgr5LdaqPDQ9tHM1JuXx7DVQqZH8MeQ7ooStI=",
        "owner": "numtide",
        "repo": "llm-agents.nix",
        "rev": "76e610601903fd31e82b996b28a49c6d1adb559c",
        "type": "github"
      },
      "original": {
        "owner": "numtide",
        "repo": "llm-agents.nix",
        "type": "github"
      }
    },
    "mac-app-util": {
      "inputs": {
        "cl-nix-lite": "cl-nix-lite",
        "flake-compat": "flake-compat",
        "flake-utils": [
          "flake-utils"
        ],
        "nixpkgs": [
          "nixpkgs"
        ],
        "systems": [
          "systems"
        ],
        "treefmt-nix": [
          "treefmt-nix"
        ]
      },
      "locked": {
        "lastModified": 1783182903,
        "narHash": "sha256-7IteXipJZfFepi5zakxe0jQ5i3vRBQguk0+Gtte1Fu4=",
        "owner": "hraban",
        "repo": "mac-app-util",
        "rev": "039f33deef21782d4db97087f426504951239887",
        "type": "github"
      },
      "original": {
        "owner": "hraban",
        "repo": "mac-app-util",
        "type": "github"
      }
    },
    "magical-merchant": {
      "inputs": {
        "flake-utils": [
          "flake-utils"
        ],
        "nixpkgs": [
          "nixpkgs"
        ],
        "rust-overlay": "rust-overlay_2",
        "treefmt-nix": [
          "treefmt-nix"
        ]
      },
      "locked": {
        "lastModified": 1788683719,
        "narHash": "sha256-jTOjhiHc5o94aPaNM/H2X5ebUCDQqeEM6l8FRxvV2ts=",
        "owner": "Xantibody",
        "repo": "magical-merchant",
        "rev": "ac34a5bf7ee9de4cae8e133909d7282968fe960a",
        "type": "github"
      },
      "original": {
        "owner": "Xantibody",
        "repo": "magical-merchant",
        "type": "github"
      }
    },
    "mcp-servers-nix": {
      "inputs": {
        "nixpkgs": [
          "nixpkgs"
        ]
      },
      "locked": {
        "lastModified": 1788665096,
        "narHash": "sha256-Ns1ViebWS+OM0uUZUw50CV/5+YvFWb5Y+QEu6lAxhNg=",
        "owner": "natsukium",
        "repo": "mcp-servers-nix",
        "rev": "f54401280a06c732eb6066b95d3ad22b714c5d42",
        "type": "github"
      },
      "original": {
        "owner": "natsukium",
        "repo": "mcp-servers-nix",
        "type": "github"
      }
    },
    "my-nur": {
      "inputs": {
        "nixpkgs": [
          "nixpkgs"
        ]
      },
      "locked": {
        "lastModified": 1771828467,
        "narHash": "sha256-BO34C2kPJKcXLamwBHliJvkHMS+77BKtQc/c02vMmCs=",
        "owner": "Xantibody",
        "repo": "nur-packages",
        "rev": "91c1012eb789f7f9655bd43663f6011f5ec985f3",
        "type": "github"
      },
      "original": {
        "owner": "Xantibody",
        "repo": "nur-packages",
        "type": "github"
      }
    },
    "nix-darwin": {
      "inputs": {
        "nixpkgs": [
          "nixpkgs"
        ]
      },
      "locked": {
        "lastModified": 1786845137,
        "narHash": "sha256-oQFip+v0luP8NIxJzmiW4Wu8bILsbFWom5l0zonl8hQ=",
        "owner": "nix-darwin",
        "repo": "nix-darwin",
        "rev": "4cff07de74b50e64bdd68cd4e722ab5b6b35ee48",
        "type": "github"
      },
      "original": {
        "owner": "nix-darwin",
        "ref": "master",
        "repo": "nix-darwin",
        "type": "github"
      }
    },
    "nix-index-database": {
      "inputs": {
        "nixpkgs": [
          "nixpkgs"
        ]
      },
      "locked": {
        "lastModified": 1788680125,
        "narHash": "sha256-amGSoDobwmp4CFvCn841ws2iuitus+HUJdD/gKgsrJA=",
        "owner": "nix-community",
        "repo": "nix-index-database",
        "rev": "116ad1c2adb642405ef8916f6a94c8626f971344",
        "type": "github"
      },
      "original": {
        "owner": "nix-community",
        "repo": "nix-index-database",
        "type": "github"
      }
    },
    "nixCats": {
      "locked": {
        "lastModified": 1787720571,
        "narHash": "sha256-jvoTU61m2p2knJMIvDwWqkhf5CrmKCkiCO0KR3GIryw=",
        "owner": "BirdeeHub",
        "repo": "nixCats-nvim",
        "rev": "8fcebab53bfe800b963e8db5e28b63baa65850d3",
        "type": "github"
      },
      "original": {
        "owner": "BirdeeHub",
        "repo": "nixCats-nvim",
        "type": "github"
      }
    },
    "nixpkgs": {
      "locked": {
        "lastModified": 1788490200,
        "narHash": "sha256-wX7GJ/pe7147AKZPfmVGIqFnEdlrnAJRhlhciaeKzWs=",
        "owner": "NixOS",
        "repo": "nixpkgs",
        "rev": "e5ead30d0824debba629dcf0720abeddee57b7d6",
        "type": "github"
      },
      "original": {
        "owner": "NixOS",
        "ref": "nixpkgs-unstable",
        "repo": "nixpkgs",
        "type": "github"
      }
    },
    "nixpkgs-lib": {
      "locked": {
        "lastModified": 1788057806,
        "narHash": "sha256-DTQSMxzDWmT0zhguthvegnVkn7CFqGCv4IHCzk5ZUpM=",
        "owner": "nix-community",
        "repo": "nixpkgs.lib",
        "rev": "596e2e3940e09b2abbeb03f75fa1828c57fcd72c",
        "type": "github"
      },
      "original": {
        "owner": "nix-community",
        "repo": "nixpkgs.lib",
        "type": "github"
      }
    },
    "nixpkgs_2": {
      "locked": {
        "lastModified": 1788659161,
        "narHash": "sha256-rIzUUvgwhfJeWwm7y1ZF+xRo2Gep+QYkxpj9mJbG6cM=",
        "ref": "nixos-unstable-small",
        "rev": "de0ba0a81b0f6eed798a97fdec6f03a754b9d966",
        "shallow": true,
        "type": "git",
        "url": "https://github.com/nixos/nixpkgs"
      },
      "original": {
        "ref": "nixos-unstable-small",
        "shallow": true,
        "type": "git",
        "url": "https://github.com/nixos/nixpkgs"
      }
    },
    "root": {
      "inputs": {
        "arto": "arto",
        "brew-api": "brew-api",
        "brew-nix": "brew-nix",
        "firefox-addons": "firefox-addons",
        "flake-parts": "flake-parts",
        "flake-utils": "flake-utils",
        "home-manager": "home-manager",
        "ichigyo-ls": "ichigyo-ls",
        "kotdiff": "kotdiff",
        "llm-agents": "llm-agents",
        "mac-app-util": "mac-app-util",
        "magical-merchant": "magical-merchant",
        "mcp-servers-nix": "mcp-servers-nix",
        "my-nur": "my-nur",
        "nix-darwin": "nix-darwin",
        "nix-index-database": "nix-index-database",
        "nixCats": "nixCats",
        "nixpkgs": "nixpkgs_2",
        "sops-nix": "sops-nix",
        "systems": "systems",
        "treefmt-nix": "treefmt-nix",
        "xremap": "xremap",
        "zen-browser": "zen-browser"
      }
    },
    "rust-overlay": {
      "inputs": {
        "nixpkgs": [
          "ichigyo-ls",
          "nixpkgs"
        ]
      },
      "locked": {
        "lastModified": 1770779462,
        "narHash": "sha256-ykcXTKtV+dOaKlOidAj6dpewBHjni9/oy/6VKcqfzfY=",
        "owner": "oxalica",
        "repo": "rust-overlay",
        "rev": "8a53b3ade61914cdb10387db991b90a3a6f3c441",
        "type": "github"
      },
      "original": {
        "owner": "oxalica",
        "repo": "rust-overlay",
        "type": "github"
      }
    },
    "rust-overlay_2": {
      "inputs": {
        "nixpkgs": [
          "magical-merchant",
          "nixpkgs"
        ]
      },
      "locked": {
        "lastModified": 1788332415,
        "narHash": "sha256-BTFrmyh0oaVDsvA9NNw0YpbbeppTwU0t70iVx672Ew8=",
        "owner": "oxalica",
        "repo": "rust-overlay",
        "rev": "860d7c835ab91bfc8972b67092f5f2db8e9390a0",
        "type": "github"
      },
      "original": {
        "owner": "oxalica",
        "repo": "rust-overlay",
        "type": "github"
      }
    },
    "sops-nix": {
      "inputs": {
        "nixpkgs": [
          "nixpkgs"
        ]
      },
      "locked": {
        "lastModified": 1788337237,
        "narHash": "sha256-gkSH8VUtCo6hnysNmb9DbTuDepH2t5pv+QWjP75xKAk=",
        "owner": "Mic92",
        "repo": "sops-nix",
        "rev": "fbf759290e0cb0a98dfc813a4eb7d53ad1dacb57",
        "type": "github"
      },
      "original": {
        "owner": "Mic92",
        "repo": "sops-nix",
        "type": "github"
      }
    },
    "systems": {
      "locked": {
        "lastModified": 1681028828,
        "narHash": "sha256-Vy1rq5AaRuLzOxct8nz4T6wlgyUR7zLU309k9mBC768=",
        "owner": "nix-systems",
        "repo": "default",
        "rev": "da67096a3b9bf56a91d16901293e51ba5b49a27e",
        "type": "github"
      },
      "original": {
        "owner": "nix-systems",
        "repo": "default",
        "type": "github"
      }
    },
    "treefmt-nix": {
      "inputs": {
        "nixpkgs": [
          "nixpkgs"
        ]
      },
      "locked": {
        "lastModified": 1786901030,
        "narHash": "sha256-WSFCsDSE5ffgD2MqzkM2CYjeFiKhRF/dJUN8uedb6YE=",
        "owner": "numtide",
        "repo": "treefmt-nix",
        "rev": "27b3b12a8e6375f28ebe122f07d230ca5459bbfa",
        "type": "github"
      },
      "original": {
        "owner": "numtide",
        "repo": "treefmt-nix",
        "type": "github"
      }
    },
    "xremap": {
      "inputs": {
        "crane": "crane_2",
        "flake-parts": [
          "flake-parts"
        ],
        "nixpkgs": [
          "nixpkgs"
        ],
        "xremap": "xremap_2"
      },
      "locked": {
        "lastModified": 1788397935,
        "narHash": "sha256-8ag5CiJFb0G9kykfrHEEqoHC7up6gHg6utoIjOH7bUA=",
        "owner": "xremap",
        "repo": "nix-flake",
        "rev": "3569aeddf628fe918b49d8a65c1ae0d06b2613ea",
        "type": "github"
      },
      "original": {
        "owner": "xremap",
        "repo": "nix-flake",
        "type": "github"
      }
    },
    "xremap_2": {
      "flake": false,
      "locked": {
        "lastModified": 1787823445,
        "narHash": "sha256-h6aWgV+wlERel7CVhuUG17Pqo6F2V7h5OlaAegHvSz4=",
        "owner": "k0kubun",
        "repo": "xremap",
        "rev": "7e6649e442ca445b781e4cf0e90c165f86e717db",
        "type": "github"
      },
      "original": {
        "owner": "k0kubun",
        "ref": "v0.15.12",
        "repo": "xremap",
        "type": "github"
      }
    },
    "zen-browser": {
      "inputs": {
        "home-manager": [
          "home-manager"
        ],
        "nixpkgs": [
          "nixpkgs"
        ]
      },
      "locked": {
        "lastModified": 1788672837,
        "narHash": "sha256-FgtxJIiNZfqNkLeIz30/CDE6v6gbou0MhuiFLt2En7w=",
        "owner": "0xc000022070",
        "repo": "zen-browser-flake",
        "rev": "ec2c94c95846c36130edb9872a8ca4c203028c84",
        "type": "github"
      },
      "original": {
        "owner": "0xc000022070",
        "repo": "zen-browser-flake",
        "type": "github"
      }
    }
  },
  "root": "root",
  "version": 7
}
